// !$*UTF8*$!
{
	archiveVersion = 1;
	classes = {
	};
	objectVersion = 46;
	objects = {

/* Begin PBXBuildFile section */
		F012808F1A0ED1410017C8AE /* View.xib in Resources */ = {isa = PBXBuildFile; fileRef = F012808E1A0ED1410017C8AE /* View.xib */; };
		F034D2591A0AE94600CCF238 /* main.m in Sources */ = {isa = PBXBuildFile; fileRef = F034D2581A0AE94600CCF238 /* main.m */; };
		F034D25C1A0AE94600CCF238 /* AppDelegate.m in Sources */ = {isa = PBXBuildFile; fileRef = F034D25B1A0AE94600CCF238 /* AppDelegate.m */; };
		F034D25F1A0AE94600CCF238 /* ViewController.m in Sources */ = {isa = PBXBuildFile; fileRef = F034D25E1A0AE94600CCF238 /* ViewController.m */; };
		F034D2621A0AE94600CCF238 /* Main.storyboard in Resources */ = {isa = PBXBuildFile; fileRef = F034D2601A0AE94600CCF238 /* Main.storyboard */; };
		F034D2641A0AE94600CCF238 /* Images.xcassets in Resources */ = {isa = PBXBuildFile; fileRef = F034D2631A0AE94600CCF238 /* Images.xcassets */; };
		F034D2731A0AE94600CCF238 /* JimboSnakeTests.m in Sources */ = {isa = PBXBuildFile; fileRef = F034D2721A0AE94600CCF238 /* JimboSnakeTests.m */; };
		F08240381A187FD500A2EB36 /* BorderMan.m in Sources */ = {isa = PBXBuildFile; fileRef = F08240371A187FD500A2EB36 /* BorderMan.m */; };
		F096F2CC1A1827A100C3D868 /* DBMan.m in Sources */ = {isa = PBXBuildFile; fileRef = F096F2CB1A1827A100C3D868 /* DBMan.m */; };
		F096F2D41A18449500C3D868 /* libsqlite3.dylib in Frameworks */ = {isa = PBXBuildFile; fileRef = F096F2D31A18449500C3D868 /* libsqlite3.dylib */; };
		F0ABE0151A23FADC00242E8C /* SOUND136.WAV in Resources */ = {isa = PBXBuildFile; fileRef = F0ABE0141A23FADC00242E8C /* SOUND136.WAV */; };
		F0ABE0191A24083F00242E8C /* SOUND8.WAV in Resources */ = {isa = PBXBuildFile; fileRef = F0ABE0181A24083F00242E8C /* SOUND8.WAV */; };
		F0ABE01B1A24084D00242E8C /* SOUND3.WAV in Resources */ = {isa = PBXBuildFile; fileRef = F0ABE01A1A24084D00242E8C /* SOUND3.WAV */; };
		F0C37EBC1A1C3C0D00F98AED /* snakeIconScreen.png in Resources */ = {isa = PBXBuildFile; fileRef = F0C37EBB1A1C3C0D00F98AED /* snakeIconScreen.png */; };
		F0C637F21A0ED91F005DA391 /* LauncherViewController.m in Sources */ = {isa = PBXBuildFile; fileRef = F0C637F11A0ED91F005DA391 /* LauncherViewController.m */; };
		F0D536851A255E7700DD5957 /* SOUND7.WAV in Resources */ = {isa = PBXBuildFile; fileRef = F0D536841A255E7700DD5957 /* SOUND7.WAV */; };
		F0D536871A255EDF00DD5957 /* SOUND30.WAV in Resources */ = {isa = PBXBuildFile; fileRef = F0D536861A255EDF00DD5957 /* SOUND30.WAV */; };
/* End PBXBuildFile section */

/* Begin PBXContainerItemProxy section */
		F034D26D1A0AE94600CCF238 /* PBXContainerItemProxy */ = {
			isa = PBXContainerItemProxy;
			containerPortal = F034D24B1A0AE94600CCF238 /* Project object */;
			proxyType = 1;
			remoteGlobalIDString = F034D2521A0AE94600CCF238;
			remoteInfo = JimboSnake;
		};
/* End PBXContainerItemProxy section */

/* Begin PBXFileReference section */
		F012808E1A0ED1410017C8AE /* View.xib */ = {isa = PBXFileReference; fileEncoding = 4; lastKnownFileType = file.xib; path = View.xib; sourceTree = "<group>"; };
		F034D2531A0AE94600CCF238 /* JimboSnake.app */ = {isa = PBXFileReference; explicitFileType = wrapper.application; includeInIndex = 0; path = JimboSnake.app; sourceTree = BUILT_PRODUCTS_DIR; };
		F034D2571A0AE94600CCF238 /* Info.plist */ = {isa = PBXFileReference; lastKnownFileType = text.plist.xml; path = Info.plist; sourceTree = "<group>"; };
		F034D2581A0AE94600CCF238 /* main.m */ = {isa = PBXFileReference; lastKnownFileType = sourcecode.c.objc; path = main.m; sourceTree = "<group>"; };
		F034D25A1A0AE94600CCF238 /* AppDelegate.h */ = {isa = PBXFileReference; lastKnownFileType = sourcecode.c.h; path = AppDelegate.h; sourceTree = "<group>"; };
		F034D25B1A0AE94600CCF238 /* AppDelegate.m */ = {isa = PBXFileReference; lastKnownFileType = sourcecode.c.objc; path = AppDelegate.m; sourceTree = "<group>"; };
		F034D25D1A0AE94600CCF238 /* ViewController.h */ = {isa = PBXFileReference; lastKnownFileType = sourcecode.c.h; path = ViewController.h; sourceTree = "<group>"; };
		F034D25E1A0AE94600CCF238 /* ViewController.m */ = {isa = PBXFileReference; lastKnownFileType = sourcecode.c.objc; path = ViewController.m; sourceTree = "<group>"; };
		F034D2611A0AE94600CCF238 /* Base */ = {isa = PBXFileReference; lastKnownFileType = file.storyboard; name = Base; path = Base.lproj/Main.storyboard; sourceTree = "<group>"; };
		F034D2631A0AE94600CCF238 /* Images.xcassets */ = {isa = PBXFileReference; lastKnownFileType = folder.assetcatalog; path = Images.xcassets; sourceTree = "<group>"; };
		F034D26C1A0AE94600CCF238 /* JimboSnakeTests.xctest */ = {isa = PBXFileReference; explicitFileType = wrapper.cfbundle; includeInIndex = 0; path = JimboSnakeTests.xctest; sourceTree = BUILT_PRODUCTS_DIR; };
		F034D2711A0AE94600CCF238 /* Info.plist */ = {isa = PBXFileReference; lastKnownFileType = text.plist.xml; path = Info.plist; sourceTree = "<group>"; };
		F034D2721A0AE94600CCF238 /* JimboSnakeTests.m */ = {isa = PBXFileReference; lastKnownFileType = sourcecode.c.objc; path = JimboSnakeTests.m; sourceTree = "<group>"; };
		F08240361A187FD500A2EB36 /* BorderMan.h */ = {isa = PBXFileReference; fileEncoding = 4; lastKnownFileType = sourcecode.c.h; path = BorderMan.h; sourceTree = "<group>"; };
		F08240371A187FD500A2EB36 /* BorderMan.m */ = {isa = PBXFileReference; fileEncoding = 4; lastKnownFileType = sourcecode.c.objc; path = BorderMan.m; sourceTree = "<group>"; };
		F096F2CA1A1827A100C3D868 /* DBMan.h */ = {isa = PBXFileReference; fileEncoding = 4; lastKnownFileType = sourcecode.c.h; path = DBMan.h; sourceTree = "<group>"; };
		F096F2CB1A1827A100C3D868 /* DBMan.m */ = {isa = PBXFileReference; fileEncoding = 4; lastKnownFileType = sourcecode.c.objc; path = DBMan.m; sourceTree = "<group>"; };
		F096F2D31A18449500C3D868 /* libsqlite3.dylib */ = {isa = PBXFileReference; lastKnownFileType = "compiled.mach-o.dylib"; name = libsqlite3.dylib; path = usr/lib/libsqlite3.dylib; sourceTree = SDKROOT; };
		F0ABE0141A23FADC00242E8C /* SOUND136.WAV */ = {isa = PBXFileReference; lastKnownFileType = audio.wav; path = SOUND136.WAV; sourceTree = "<group>"; };
		F0ABE0181A24083F00242E8C /* SOUND8.WAV */ = {isa = PBXFileReference; lastKnownFileType = audio.wav; path = SOUND8.WAV; sourceTree = "<group>"; };
		F0ABE01A1A24084D00242E8C /* SOUND3.WAV */ = {isa = PBXFileReference; lastKnownFileType = audio.wav; path = SOUND3.WAV; sourceTree = "<group>"; };
		F0C37EBB1A1C3C0D00F98AED /* snakeIconScreen.png */ = {isa = PBXFileReference; lastKnownFileType = image.png; path = snakeIconScreen.png; sourceTree = "<group>"; };
		F0C637F01A0ED91F005DA391 /* LauncherViewController.h */ = {isa = PBXFileReference; fileEncoding = 4; lastKnownFileType = sourcecode.c.h; path = LauncherViewController.h; sourceTree = "<group>"; };
		F0C637F11A0ED91F005DA391 /* LauncherViewController.m */ = {isa = PBXFileReference; fileEncoding = 4; lastKnownFileType = sourcecode.c.objc; path = LauncherViewController.m; sourceTree = "<group>"; };
		F0D536841A255E7700DD5957 /* SOUND7.WAV */ = {isa = PBXFileReference; lastKnownFileType = audio.wav; path = SOUND7.WAV; sourceTree = "<group>"; };
		F0D536861A255EDF00DD5957 /* SOUND30.WAV */ = {isa = PBXFileReference; lastKnownFileType = audio.wav; path = SOUND30.WAV; sourceTree = "<group>"; };
/* End PBXFileReference section */

/* Begin PBXFrameworksBuildPhase section */
		F034D2501A0AE94600CCF238 /* Frameworks */ = {
			isa = PBXFrameworksBuildPhase;
			buildActionMask = 2147483647;
			files = (
				F096F2D41A18449500C3D868 /* libsqlite3.dylib in Frameworks */,
			);
			runOnlyForDeploymentPostprocessing = 0;
		};
		F034D2691A0AE94600CCF238 /* Frameworks */ = {
			isa = PBXFrameworksBuildPhase;
			buildActionMask = 2147483647;
			files = (
			);
			runOnlyForDeploymentPostprocessing = 0;
		};
/* End PBXFrameworksBuildPhase section */

/* Begin PBXGroup section */
		F034D24A1A0AE94600CCF238 = {
			isa = PBXGroup;
			children = (
				F096F2D31A18449500C3D868 /* libsqlite3.dylib */,
				F034D2551A0AE94600CCF238 /* JimboSnake */,
				F034D26F1A0AE94600CCF238 /* JimboSnakeTests */,
				F034D2541A0AE94600CCF238 /* Products */,
			);
			sourceTree = "<group>";
		};
		F034D2541A0AE94600CCF238 /* Products */ = {
			isa = PBXGroup;
			children = (
				F034D2531A0AE94600CCF238 /* JimboSnake.app */,
				F034D26C1A0AE94600CCF238 /* JimboSnakeTests.xctest */,
			);
			name = Products;
			sourceTree = "<group>";
		};
		F034D2551A0AE94600CCF238 /* JimboSnake */ = {
			isa = PBXGroup;
			children = (
				F0C37EBB1A1C3C0D00F98AED /* snakeIconScreen.png */,
				F034D25A1A0AE94600CCF238 /* AppDelegate.h */,
				F034D25B1A0AE94600CCF238 /* AppDelegate.m */,
				F096F2CA1A1827A100C3D868 /* DBMan.h */,
				F096F2CB1A1827A100C3D868 /* DBMan.m */,
				F0C637F01A0ED91F005DA391 /* LauncherViewController.h */,
				F0ABE0141A23FADC00242E8C /* SOUND136.WAV */,
				F0D536861A255EDF00DD5957 /* SOUND30.WAV */,
				F0D536841A255E7700DD5957 /* SOUND7.WAV */,
				F0ABE0181A24083F00242E8C /* SOUND8.WAV */,
				F0ABE01A1A24084D00242E8C /* SOUND3.WAV */,
				F0C637F11A0ED91F005DA391 /* LauncherViewController.m */,
				F08240361A187FD500A2EB36 /* BorderMan.h */,
				F08240371A187FD500A2EB36 /* BorderMan.m */,
				F034D25D1A0AE94600CCF238 /* ViewController.h */,
				F034D25E1A0AE94600CCF238 /* ViewController.m */,
				F034D2601A0AE94600CCF238 /* Main.storyboard */,
				F034D2631A0AE94600CCF238 /* Images.xcassets */,
				F012808E1A0ED1410017C8AE /* View.xib */,
				F034D2561A0AE94600CCF238 /* Supporting Files */,
			);
			path = JimboSnake;
			sourceTree = "<group>";
		};
		F034D2561A0AE94600CCF238 /* Supporting Files */ = {
			isa = PBXGroup;
			children = (
				F034D2571A0AE94600CCF238 /* Info.plist */,
				F034D2581A0AE94600CCF238 /* main.m */,
			);
			name = "Supporting Files";
			sourceTree = "<group>";
		};
		F034D26F1A0AE94600CCF238 /* JimboSnakeTests */ = {
			isa = PBXGroup;
			children = (
				F034D2721A0AE94600CCF238 /* JimboSnakeTests.m */,
				F034D2701A0AE94600CCF238 /* Supporting Files */,
			);
			path = JimboSnakeTests;
			sourceTree = "<group>";
		};
		F034D2701A0AE94600CCF238 /* Supporting Files */ = {
			isa = PBXGroup;
			children = (
				F034D2711A0AE94600CCF238 /* Info.plist */,
			);
			name = "Supporting Files";
			sourceTree = "<group>";
		};
/* End PBXGroup section */

/* Begin PBXNativeTarget section */
		F034D2521A0AE94600CCF238 /* JimboSnake */ = {
			isa = PBXNativeTarget;
			buildConfigurationList = F034D2761A0AE94600CCF238 /* Build configuration list for PBXNativeTarget "JimboSnake" */;
			buildPhases = (
				F034D24F1A0AE94600CCF238 /* Sources */,
				F034D2501A0AE94600CCF238 /* Frameworks */,
				F034D2511A0AE94600CCF238 /* Resources */,
			);
			buildRules = (
			);
			dependencies = (
			);
			name = JimboSnake;
			productName = JimboSnake;
			productReference = F034D2531A0AE94600CCF238 /* JimboSnake.app */;
			productType = "com.apple.product-type.application";
		};
		F034D26B1A0AE94600CCF238 /* JimboSnakeTests */ = {
			isa = PBXNativeTarget;
			buildConfigurationList = F034D2791A0AE94600CCF238 /* Build configuration list for PBXNativeTarget "JimboSnakeTests" */;
			buildPhases = (
				F034D2681A0AE94600CCF238 /* Sources */,
				F034D2691A0AE94600CCF238 /* Frameworks */,
				F034D26A1A0AE94600CCF238 /* Resources */,
			);
			buildRules = (
			);
			dependencies = (
				F034D26E1A0AE94600CCF238 /* PBXTargetDependency */,
			);
			name = JimboSnakeTests;
			productName = JimboSnakeTests;
			productReference = F034D26C1A0AE94600CCF238 /* JimboSnakeTests.xctest */;
			productType = "com.apple.product-type.bundle.unit-test";
		};
/* End PBXNativeTarget section */

/* Begin PBXProject section */
		F034D24B1A0AE94600CCF238 /* Project object */ = {
			isa = PBXProject;
			attributes = {
				LastUpgradeCheck = 0610;
				ORGANIZATIONNAME = "James Lane";
				TargetAttributes = {
					F034D2521A0AE94600CCF238 = {
						CreatedOnToolsVersion = 6.1;
					};
					F034D26B1A0AE94600CCF238 = {
						CreatedOnToolsVersion = 6.1;
						TestTargetID = F034D2521A0AE94600CCF238;
					};
				};
			};
			buildConfigurationList = F034D24E1A0AE94600CCF238 /* Build configuration list for PBXProject "JimboSnake" */;
			compatibilityVersion = "Xcode 3.2";
			developmentRegion = English;
			hasScannedForEncodings = 0;
			knownRegions = (
				en,
				Base,
			);
			mainGroup = F034D24A1A0AE94600CCF238;
			productRefGroup = F034D2541A0AE94600CCF238 /* Products */;
			projectDirPath = "";
			projectRoot = "";
			targets = (
				F034D2521A0AE94600CCF238 /* JimboSnake */,
				F034D26B1A0AE94600CCF238 /* JimboSnakeTests */,
			);
		};
/* End PBXProject section */

/* Begin PBXResourcesBuildPhase section */
		F034D2511A0AE94600CCF238 /* Resources */ = {
			isa = PBXResourcesBuildPhase;
			buildActionMask = 2147483647;
			files = (
				F012808F1A0ED1410017C8AE /* View.xib in Resources */,
				F0ABE0191A24083F00242E8C /* SOUND8.WAV in Resources */,
				F0ABE01B1A24084D00242E8C /* SOUND3.WAV in Resources */,
				F0C37EBC1A1C3C0D00F98AED /* snakeIconScreen.png in Resources */,
				F0ABE0151A23FADC00242E8C /* SOUND136.WAV in Resources */,
				F034D2621A0AE94600CCF238 /* Main.storyboard in Resources */,
				F034D2641A0AE94600CCF238 /* Images.xcassets in Resources */,
				F0D536851A255E7700DD5957 /* SOUND7.WAV in Resources */,
				F0D536871A255EDF00DD5957 /* SOUND30.WAV in Resources */,
			);
			runOnlyForDeploymentPostprocessing = 0;
		};
		F034D26A1A0AE94600CCF238 /* Resources */ = {
			isa = PBXResourcesBuildPhase;
			buildActionMask = 2147483647;
			files = (
			);
			runOnlyForDeploymentPostprocessing = 0;
		};
/* End PBXResourcesBuildPhase section */

/* Begin PBXSourcesBuildPhase section */
		F034D24F1A0AE94600CCF238 /* Sources */ = {
			isa = PBXSourcesBuildPhase;
			buildActionMask = 2147483647;
			files = (
				F0C637F21A0ED91F005DA391 /* LauncherViewController.m in Sources */,
				F034D25F1A0AE94600CCF238 /* ViewController.m in Sources */,
				F08240381A187FD500A2EB36 /* BorderMan.m in Sources */,
				F096F2CC1A1827A100C3D868 /* DBMan.m in Sources */,
				F034D25C1A0AE94600CCF238 /* AppDelegate.m in Sources */,
				F034D2591A0AE94600CCF238 /* main.m in Sources */,
			);
			runOnlyForDeploymentPostprocessing = 0;
		};
		F034D2681A0AE94600CCF238 /* Sources */ = {
			isa = PBXSourcesBuildPhase;
			buildActionMask = 2147483647;
			files = (
				F034D2731A0AE94600CCF238 /* JimboSnakeTests.m in Sources */,
			);
			runOnlyForDeploymentPostprocessing = 0;
		};
/* End PBXSourcesBuildPhase section */

/* Begin PBXTargetDependency section */
		F034D26E1A0AE94600CCF238 /* PBXTargetDependency */ = {
			isa = PBXTargetDependency;
			target = F034D2521A0AE94600CCF238 /* JimboSnake */;
			targetProxy = F034D26D1A0AE94600CCF238 /* PBXContainerItemProxy */;
		};
/* End PBXTargetDependency section */

/* Begin PBXVariantGroup section */
		F034D2601A0AE94600CCF238 /* Main.storyboard */ = {
			isa = PBXVariantGroup;
			children = (
				F034D2611A0AE94600CCF238 /* Base */,
			);
			name = Main.storyboard;
			sourceTree = "<group>";
		};
/* End PBXVariantGroup section */

/* Begin XCBuildConfiguration section */
		F034D2741A0AE94600CCF238 /* Debug */ = {
			isa = XCBuildConfiguration;
			buildSettings = {
				ALWAYS_SEARCH_USER_PATHS = NO;
				CLANG_CXX_LANGUAGE_STANDARD = "gnu++0x";
				CLANG_CXX_LIBRARY = "libc++";
				CLANG_ENABLE_MODULES = YES;
				CLANG_ENABLE_OBJC_ARC = YES;
				CLANG_WARN_BOOL_CONVERSION = YES;
				CLANG_WARN_CONSTANT_CONVERSION = YES;
				CLANG_WARN_DIRECT_OBJC_ISA_USAGE = YES_ERROR;
				CLANG_WARN_EMPTY_BODY = YES;
				CLANG_WARN_ENUM_CONVERSION = YES;
				CLANG_WARN_INT_CONVERSION = YES;
				CLANG_WARN_OBJC_ROOT_CLASS = YES_ERROR;
				CLANG_WARN_UNREACHABLE_CODE = YES;
				CLANG_WARN__DUPLICATE_METHOD_MATCH = YES;
				"CODE_SIGN_IDENTITY[sdk=iphoneos*]" = "iPhone Developer";
				COPY_PHASE_STRIP = NO;
				ENABLE_STRICT_OBJC_MSGSEND = YES;
				GCC_C_LANGUAGE_STANDARD = gnu99;
				GCC_DYNAMIC_NO_PIC = NO;
				GCC_OPTIMIZATION_LEVEL = 0;
				GCC_PREPROCESSOR_DEFINITIONS = (
					"DEBUG=1",
					"$(inherited)",
				);
				GCC_SYMBOLS_PRIVATE_EXTERN = NO;
				GCC_WARN_64_TO_32_BIT_CONVERSION = YES;
				GCC_WARN_ABOUT_RETURN_TYPE = YES_ERROR;
				GCC_WARN_UNDECLARED_SELECTOR = YES;
				GCC_WARN_UNINITIALIZED_AUTOS = YES_AGGRESSIVE;
				GCC_WARN_UNUSED_FUNCTION = YES;
				GCC_WARN_UNUSED_VARIABLE = YES;
				IPHONEOS_DEPLOYMENT_TARGET = 8.1;
				MTL_ENABLE_DEBUG_INFO = YES;
				ONLY_ACTIVE_ARCH = YES;
				SDKROOT = iphoneos;
			};
			name = Debug;
		};
		F034D2751A0AE94600CCF238 /* Release */ = {
			isa = XCBuildConfiguration;
			buildSettings = {
				ALWAYS_SEARCH_USER_PATHS = NO;
				CLANG_CXX_LANGUAGE_STANDARD = "gnu++0x";
				CLANG_CXX_LIBRARY = "libc++";
				CLANG_ENABLE_MODULES = YES;
				CLANG_ENABLE_OBJC_ARC = YES;
				CLANG_WARN_BOOL_CONVERSION = YES;
				CLANG_WARN_CONSTANT_CONVERSION = YES;
				CLANG_WARN_DIRECT_OBJC_ISA_USAGE = YES_ERROR;
				CLANG_WARN_EMPTY_BODY = YES;
				CLANG_WARN_ENUM_CONVERSION = YES;
				CLANG_WARN_INT_CONVERSION = YES;
				CLANG_WARN_OBJC_ROOT_CLASS = YES_ERROR;
				CLANG_WARN_UNREACHABLE_CODE = YES;
				CLANG_WARN__DUPLICATE_METHOD_MATCH = YES;
				"CODE_SIGN_IDENTITY[sdk=iphoneos*]" = "iPhone Developer";
				COPY_PHASE_STRIP = YES;
				ENABLE_NS_ASSERTIONS = NO;
				ENABLE_STRICT_OBJC_MSGSEND = YES;
				GCC_C_LANGUAGE_STANDARD = gnu99;
				GCC_WARN_64_TO_32_BIT_CONVERSION = YES;
				GCC_WARN_ABOUT_RETURN_TYPE = YES_ERROR;
				GCC_WARN_UNDECLARED_SELECTOR = YES;
				GCC_WARN_UNINITIALIZED_AUTOS = YES_AGGRESSIVE;
				GCC_WARN_UNUSED_FUNCTION = YES;
				GCC_WARN_UNUSED_VARIABLE = YES;
				IPHONEOS_DEPLOYMENT_TARGET = 8.1;
				MTL_ENABLE_DEBUG_INFO = NO;
				SDKROOT = iphoneos;
				VALIDATE_PRODUCT = YES;
			};
			name = Release;
		};
		F034D2771A0AE94600CCF238 /* Debug */ = {
			isa = XCBuildConfiguration;
			buildSettings = {
				ASSETCATALOG_COMPILER_APPICON_NAME = AppIcon;
				INFOPLIST_FILE = JimboSnake/Info.plist;
				IPHONEOS_DEPLOYMENT_TARGET = 8.0;
				LD_RUNPATH_SEARCH_PATHS = "$(inherited) @executable_path/Frameworks";
				PRODUCT_NAME = "$(TARGET_NAME)";
			};
			name = Debug;
		};
		F034D2781A0AE94600CCF238 /* Release */ = {
			isa = XCBuildConfiguration;
			buildSettings = {
				ASSETCATALOG_COMPILER_APPICON_NAME = AppIcon;
				INFOPLIST_FILE = JimboSnake/Info.plist;
				IPHONEOS_DEPLOYMENT_TARGET = 8.0;
				LD_RUNPATH_SEARCH_PATHS = "$(inherited) @executable_path/Frameworks";
				PRODUCT_NAME = "$(TARGET_NAME)";
			};
			name = Release;
		};
		F034D27A1A0AE94600CCF238 /* Debug */ = {
			isa = XCBuildConfiguration;
			buildSettings = {
				BUNDLE_LOADER = "$(TEST_HOST)";
				FRAMEWORK_SEARCH_PATHS = (
					"$(SDKROOT)/Developer/Library/Frameworks",
					"$(inherited)",
				);
				GCC_PREPROCESSOR_DEFINITIONS = (
					"DEBUG=1",
					"$(inherited)",
				);
				INFOPLIST_FILE = JimboSnakeTests/Info.plist;
				LD_RUNPATH_SEARCH_PATHS = "$(inherited) @executable_path/Frameworks @loader_path/Frameworks";
				PRODUCT_NAME = "$(TARGET_NAME)";
				TEST_HOST = "$(BUILT_PRODUCTS_DIR)/JimboSnake.app/JimboSnake";
			};
			name = Debug;
		};
		F034D27B1A0AE94600CCF238 /* Release */ = {
			isa = XCBuildConfiguration;
			buildSettings = {
				BUNDLE_LOADER = "$(TEST_HOST)";
				FRAMEWORK_SEARCH_PATHS = (
					"$(SDKROOT)/Developer/Library/Frameworks",
					"$(inherited)",
				);
				INFOPLIST_FILE = JimboSnakeTests/Info.plist;
				LD_RUNPATH_SEARCH_PATHS = "$(inherited) @executable_path/Frameworks @loader_path/Frameworks";
				PRODUCT_NAME = "$(TARGET_NAME)";
				TEST_HOST = "$(BUILT_PRODUCTS_DIR)/JimboSnake.app/JimboSnake";
			};
			name = Release;
		};
/* End XCBuildConfiguration section */

/* Begin XCConfigurationList section */
		F034D24E1A0AE94600CCF238 /* Build configuration list for PBXProject "JimboSnake" */ = {
			isa = XCConfigurationList;
			buildConfigurations = (
				F034D2741A0AE94600CCF238 /* Debug */,
				F034D2751A0AE94600CCF238 /* Release */,
			);
			defaultConfigurationIsVisible = 0;
			defaultConfigurationName = Release;
		};
		F034D2761A0AE94600CCF238 /* Build configuration list for PBXNativeTarget "JimboSnake" */ = {
			isa = XCConfigurationList;
			buildConfigurations = (
				F034D2771A0AE94600CCF238 /* Debug */,
				F034D2781A0AE94600CCF238 /* Release */,
			);
			defaultConfigurationIsVisible = 0;
			defaultConfigurationName = Release;
		};
		F034D2791A0AE94600CCF238 /* Build configuration list for PBXNativeTarget "JimboSnakeTests" */ = {
			isa = XCConfigurationList;
			buildConfigurations = (
				F034D27A1A0AE94600CCF238 /* Debug */,
				F034D27B1A0AE94600CCF238 /* Release */,
			);
			defaultConfigurationIsVisible = 0;
			defaultConfigurationName = Release;
		};
/* End XCConfigurationList section */
	};
	rootObject = F034D24B1A0AE94600CCF238 /* Project object */;
}
